{
    "_readme": [
        "This file locks the dependencies of your project to a known state",
        "Read more about it at https://getcomposer.org/doc/01-basic-usage.md#composer-lock-the-lock-file",
        "This file is @generated automatically"
    ],
    "content-hash": "1c80289dee35ad66e7b1d9f2d8fc25de",
    "packages": [
        {
            "name": "doctrine/annotations",
            "version": "v1.5.0",
            "source": {
                "type": "git",
                "url": "https://github.com/doctrine/annotations.git",
                "reference": "5beebb01b025c94e93686b7a0ed3edae81fe3e7f"
            },
            "dist": {
                "type": "zip",
                "url": "https://api.github.com/repos/doctrine/annotations/zipball/5beebb01b025c94e93686b7a0ed3edae81fe3e7f",
                "reference": "5beebb01b025c94e93686b7a0ed3edae81fe3e7f",
                "shasum": ""
            },
            "require": {
                "doctrine/lexer": "1.*",
                "php": "^7.1"
            },
            "require-dev": {
                "doctrine/cache": "1.*",
                "phpunit/phpunit": "^5.7"
            },
            "type": "library",
            "extra": {
                "branch-alias": {
                    "dev-master": "1.5.x-dev"
                }
            },
            "autoload": {
                "psr-4": {
                    "Doctrine\\Common\\Annotations\\": "lib/Doctrine/Common/Annotations"
                }
            },
            "notification-url": "https://packagist.org/downloads/",
            "license": [
                "MIT"
            ],
            "authors": [
                {
                    "name": "Roman Borschel",
                    "email": "roman@code-factory.org"
                },
                {
                    "name": "Benjamin Eberlei",
                    "email": "kontakt@beberlei.de"
                },
                {
                    "name": "Guilherme Blanco",
                    "email": "guilhermeblanco@gmail.com"
                },
                {
                    "name": "Jonathan Wage",
                    "email": "jonwage@gmail.com"
                },
                {
                    "name": "Johannes Schmitt",
                    "email": "schmittjoh@gmail.com"
                }
            ],
            "description": "Docblock Annotations Parser",
            "homepage": "http://www.doctrine-project.org",
            "keywords": [
                "annotations",
                "docblock",
                "parser"
            ],
            "time": "2017-07-22T10:58:02+00:00"
        },
        {
            "name": "doctrine/cache",
            "version": "v1.7.1",
            "source": {
                "type": "git",
                "url": "https://github.com/doctrine/cache.git",
                "reference": "b3217d58609e9c8e661cd41357a54d926c4a2a1a"
            },
            "dist": {
                "type": "zip",
                "url": "https://api.github.com/repos/doctrine/cache/zipball/b3217d58609e9c8e661cd41357a54d926c4a2a1a",
                "reference": "b3217d58609e9c8e661cd41357a54d926c4a2a1a",
                "shasum": ""
            },
            "require": {
                "php": "~7.1"
            },
            "conflict": {
                "doctrine/common": ">2.2,<2.4"
            },
            "require-dev": {
                "alcaeus/mongo-php-adapter": "^1.1",
                "mongodb/mongodb": "^1.1",
                "phpunit/phpunit": "^5.7",
                "predis/predis": "~1.0"
            },
            "suggest": {
                "alcaeus/mongo-php-adapter": "Required to use legacy MongoDB driver"
            },
            "type": "library",
            "extra": {
                "branch-alias": {
                    "dev-master": "1.7.x-dev"
                }
            },
            "autoload": {
                "psr-4": {
                    "Doctrine\\Common\\Cache\\": "lib/Doctrine/Common/Cache"
                }
            },
            "notification-url": "https://packagist.org/downloads/",
            "license": [
                "MIT"
            ],
            "authors": [
                {
                    "name": "Roman Borschel",
                    "email": "roman@code-factory.org"
                },
                {
                    "name": "Benjamin Eberlei",
                    "email": "kontakt@beberlei.de"
                },
                {
                    "name": "Guilherme Blanco",
                    "email": "guilhermeblanco@gmail.com"
                },
                {
                    "name": "Jonathan Wage",
                    "email": "jonwage@gmail.com"
                },
                {
                    "name": "Johannes Schmitt",
                    "email": "schmittjoh@gmail.com"
                }
            ],
            "description": "Caching library offering an object-oriented API for many cache backends",
            "homepage": "http://www.doctrine-project.org",
            "keywords": [
                "cache",
                "caching"
            ],
            "time": "2017-08-25T07:02:50+00:00"
        },
        {
            "name": "doctrine/collections",
            "version": "v1.5.0",
            "source": {
                "type": "git",
                "url": "https://github.com/doctrine/collections.git",
                "reference": "a01ee38fcd999f34d9bfbcee59dbda5105449cbf"
            },
            "dist": {
                "type": "zip",
                "url": "https://api.github.com/repos/doctrine/collections/zipball/a01ee38fcd999f34d9bfbcee59dbda5105449cbf",
                "reference": "a01ee38fcd999f34d9bfbcee59dbda5105449cbf",
                "shasum": ""
            },
            "require": {
                "php": "^7.1"
            },
            "require-dev": {
                "doctrine/coding-standard": "~0.1@dev",
                "phpunit/phpunit": "^5.7"
            },
            "type": "library",
            "extra": {
                "branch-alias": {
                    "dev-master": "1.3.x-dev"
                }
            },
            "autoload": {
                "psr-0": {
                    "Doctrine\\Common\\Collections\\": "lib/"
                }
            },
            "notification-url": "https://packagist.org/downloads/",
            "license": [
                "MIT"
            ],
            "authors": [
                {
                    "name": "Roman Borschel",
                    "email": "roman@code-factory.org"
                },
                {
                    "name": "Benjamin Eberlei",
                    "email": "kontakt@beberlei.de"
                },
                {
                    "name": "Guilherme Blanco",
                    "email": "guilhermeblanco@gmail.com"
                },
                {
                    "name": "Jonathan Wage",
                    "email": "jonwage@gmail.com"
                },
                {
                    "name": "Johannes Schmitt",
                    "email": "schmittjoh@gmail.com"
                }
            ],
            "description": "Collections Abstraction library",
            "homepage": "http://www.doctrine-project.org",
            "keywords": [
                "array",
                "collections",
                "iterator"
            ],
            "time": "2017-07-22T10:37:32+00:00"
        },
        {
            "name": "doctrine/common",
            "version": "v2.7.3",
            "source": {
                "type": "git",
                "url": "https://github.com/doctrine/common.git",
                "reference": "4acb8f89626baafede6ee5475bc5844096eba8a9"
            },
            "dist": {
                "type": "zip",
                "url": "https://api.github.com/repos/doctrine/common/zipball/4acb8f89626baafede6ee5475bc5844096eba8a9",
                "reference": "4acb8f89626baafede6ee5475bc5844096eba8a9",
                "shasum": ""
            },
            "require": {
                "doctrine/annotations": "1.*",
                "doctrine/cache": "1.*",
                "doctrine/collections": "1.*",
                "doctrine/inflector": "1.*",
                "doctrine/lexer": "1.*",
                "php": "~5.6|~7.0"
            },
            "require-dev": {
                "phpunit/phpunit": "^5.4.6"
            },
            "type": "library",
            "extra": {
                "branch-alias": {
                    "dev-master": "2.7.x-dev"
                }
            },
            "autoload": {
                "psr-4": {
                    "Doctrine\\Common\\": "lib/Doctrine/Common"
                }
            },
            "notification-url": "https://packagist.org/downloads/",
            "license": [
                "MIT"
            ],
            "authors": [
                {
                    "name": "Roman Borschel",
                    "email": "roman@code-factory.org"
                },
                {
                    "name": "Benjamin Eberlei",
                    "email": "kontakt@beberlei.de"
                },
                {
                    "name": "Guilherme Blanco",
                    "email": "guilhermeblanco@gmail.com"
                },
                {
                    "name": "Jonathan Wage",
                    "email": "jonwage@gmail.com"
                },
                {
                    "name": "Johannes Schmitt",
                    "email": "schmittjoh@gmail.com"
                }
            ],
            "description": "Common Library for Doctrine projects",
            "homepage": "http://www.doctrine-project.org",
            "keywords": [
                "annotations",
                "collections",
                "eventmanager",
                "persistence",
                "spl"
            ],
            "time": "2017-07-22T08:35:12+00:00"
        },
        {
            "name": "doctrine/dbal",
            "version": "v2.5.13",
            "source": {
                "type": "git",
                "url": "https://github.com/doctrine/dbal.git",
                "reference": "729340d8d1eec8f01bff708e12e449a3415af873"
            },
            "dist": {
                "type": "zip",
                "url": "https://api.github.com/repos/doctrine/dbal/zipball/729340d8d1eec8f01bff708e12e449a3415af873",
                "reference": "729340d8d1eec8f01bff708e12e449a3415af873",
                "shasum": ""
            },
            "require": {
                "doctrine/common": ">=2.4,<2.8-dev",
                "php": ">=5.3.2"
            },
            "require-dev": {
                "phpunit/phpunit": "4.*",
                "symfony/console": "2.*||^3.0"
            },
            "suggest": {
                "symfony/console": "For helpful console commands such as SQL execution and import of files."
            },
            "bin": [
                "bin/doctrine-dbal"
            ],
            "type": "library",
            "extra": {
                "branch-alias": {
                    "dev-master": "2.5.x-dev"
                }
            },
            "autoload": {
                "psr-0": {
                    "Doctrine\\DBAL\\": "lib/"
                }
            },
            "notification-url": "https://packagist.org/downloads/",
            "license": [
                "MIT"
            ],
            "authors": [
                {
                    "name": "Roman Borschel",
                    "email": "roman@code-factory.org"
                },
                {
                    "name": "Benjamin Eberlei",
                    "email": "kontakt@beberlei.de"
                },
                {
                    "name": "Guilherme Blanco",
                    "email": "guilhermeblanco@gmail.com"
                },
                {
                    "name": "Jonathan Wage",
                    "email": "jonwage@gmail.com"
                }
            ],
            "description": "Database Abstraction Layer",
            "homepage": "http://www.doctrine-project.org",
            "keywords": [
                "database",
                "dbal",
                "persistence",
                "queryobject"
            ],
            "time": "2017-07-22T20:44:48+00:00"
        },
        {
            "name": "doctrine/inflector",
            "version": "v1.2.0",
            "source": {
                "type": "git",
                "url": "https://github.com/doctrine/inflector.git",
                "reference": "e11d84c6e018beedd929cff5220969a3c6d1d462"
            },
            "dist": {
                "type": "zip",
                "url": "https://api.github.com/repos/doctrine/inflector/zipball/e11d84c6e018beedd929cff5220969a3c6d1d462",
                "reference": "e11d84c6e018beedd929cff5220969a3c6d1d462",
                "shasum": ""
            },
            "require": {
                "php": "^7.0"
            },
            "require-dev": {
                "phpunit/phpunit": "^6.2"
            },
            "type": "library",
            "extra": {
                "branch-alias": {
                    "dev-master": "1.2.x-dev"
                }
            },
            "autoload": {
                "psr-4": {
                    "Doctrine\\Common\\Inflector\\": "lib/Doctrine/Common/Inflector"
                }
            },
            "notification-url": "https://packagist.org/downloads/",
            "license": [
                "MIT"
            ],
            "authors": [
                {
                    "name": "Roman Borschel",
                    "email": "roman@code-factory.org"
                },
                {
                    "name": "Benjamin Eberlei",
                    "email": "kontakt@beberlei.de"
                },
                {
                    "name": "Guilherme Blanco",
                    "email": "guilhermeblanco@gmail.com"
                },
                {
                    "name": "Jonathan Wage",
                    "email": "jonwage@gmail.com"
                },
                {
                    "name": "Johannes Schmitt",
                    "email": "schmittjoh@gmail.com"
                }
            ],
            "description": "Common String Manipulations with regard to casing and singular/plural rules.",
            "homepage": "http://www.doctrine-project.org",
            "keywords": [
                "inflection",
                "pluralize",
                "singularize",
                "string"
            ],
            "time": "2017-07-22T12:18:28+00:00"
        },
        {
            "name": "doctrine/instantiator",
            "version": "1.1.0",
            "source": {
                "type": "git",
                "url": "https://github.com/doctrine/instantiator.git",
                "reference": "185b8868aa9bf7159f5f953ed5afb2d7fcdc3bda"
            },
            "dist": {
                "type": "zip",
                "url": "https://api.github.com/repos/doctrine/instantiator/zipball/185b8868aa9bf7159f5f953ed5afb2d7fcdc3bda",
                "reference": "185b8868aa9bf7159f5f953ed5afb2d7fcdc3bda",
                "shasum": ""
            },
            "require": {
                "php": "^7.1"
            },
            "require-dev": {
                "athletic/athletic": "~0.1.8",
                "ext-pdo": "*",
                "ext-phar": "*",
                "phpunit/phpunit": "^6.2.3",
                "squizlabs/php_codesniffer": "^3.0.2"
            },
            "type": "library",
            "extra": {
                "branch-alias": {
                    "dev-master": "1.2.x-dev"
                }
            },
            "autoload": {
                "psr-4": {
                    "Doctrine\\Instantiator\\": "src/Doctrine/Instantiator/"
                }
            },
            "notification-url": "https://packagist.org/downloads/",
            "license": [
                "MIT"
            ],
            "authors": [
                {
                    "name": "Marco Pivetta",
                    "email": "ocramius@gmail.com",
                    "homepage": "http://ocramius.github.com/"
                }
            ],
            "description": "A small, lightweight utility to instantiate objects in PHP without invoking their constructors",
            "homepage": "https://github.com/doctrine/instantiator",
            "keywords": [
                "constructor",
                "instantiate"
            ],
            "time": "2017-07-22T11:58:36+00:00"
        },
        {
            "name": "doctrine/lexer",
            "version": "v1.0.1",
            "source": {
                "type": "git",
                "url": "https://github.com/doctrine/lexer.git",
                "reference": "83893c552fd2045dd78aef794c31e694c37c0b8c"
            },
            "dist": {
                "type": "zip",
                "url": "https://api.github.com/repos/doctrine/lexer/zipball/83893c552fd2045dd78aef794c31e694c37c0b8c",
                "reference": "83893c552fd2045dd78aef794c31e694c37c0b8c",
                "shasum": ""
            },
            "require": {
                "php": ">=5.3.2"
            },
            "type": "library",
            "extra": {
                "branch-alias": {
                    "dev-master": "1.0.x-dev"
                }
            },
            "autoload": {
                "psr-0": {
                    "Doctrine\\Common\\Lexer\\": "lib/"
                }
            },
            "notification-url": "https://packagist.org/downloads/",
            "license": [
                "MIT"
            ],
            "authors": [
                {
                    "name": "Roman Borschel",
                    "email": "roman@code-factory.org"
                },
                {
                    "name": "Guilherme Blanco",
                    "email": "guilhermeblanco@gmail.com"
                },
                {
                    "name": "Johannes Schmitt",
                    "email": "schmittjoh@gmail.com"
                }
            ],
            "description": "Base library for a lexer that can be used in Top-Down, Recursive Descent Parsers.",
            "homepage": "http://www.doctrine-project.org",
            "keywords": [
                "lexer",
                "parser"
            ],
            "time": "2014-09-09T13:34:57+00:00"
        },
        {
            "name": "doctrine/orm",
            "version": "v2.5.13",
            "source": {
                "type": "git",
                "url": "https://github.com/doctrine/doctrine2.git",
                "reference": "93103f44a3e36e7b48165b6e6b736833f33b18ef"
            },
            "dist": {
                "type": "zip",
                "url": "https://api.github.com/repos/doctrine/doctrine2/zipball/93103f44a3e36e7b48165b6e6b736833f33b18ef",
                "reference": "93103f44a3e36e7b48165b6e6b736833f33b18ef",
                "shasum": ""
            },
            "require": {
                "doctrine/cache": "~1.4",
                "doctrine/collections": "~1.2",
                "doctrine/common": ">=2.5-dev,<2.9-dev",
                "doctrine/dbal": ">=2.5-dev,<2.7-dev",
                "doctrine/instantiator": "^1.0.1",
                "ext-pdo": "*",
                "php": ">=5.4",
                "symfony/console": "~2.5|~3.0|~4.0"
            },
            "require-dev": {
                "phpunit/phpunit": "~4.0",
                "symfony/yaml": "~2.3|~3.0|~4.0"
            },
            "suggest": {
                "symfony/yaml": "If you want to use YAML Metadata Mapping Driver"
            },
            "bin": [
                "bin/doctrine",
                "bin/doctrine.php"
            ],
            "type": "library",
            "extra": {
                "branch-alias": {
                    "dev-master": "2.6.x-dev"
                }
            },
            "autoload": {
                "psr-0": {
                    "Doctrine\\ORM\\": "lib/"
                }
            },
            "notification-url": "https://packagist.org/downloads/",
            "license": [
                "MIT"
            ],
            "authors": [
                {
                    "name": "Roman Borschel",
                    "email": "roman@code-factory.org"
                },
                {
                    "name": "Benjamin Eberlei",
                    "email": "kontakt@beberlei.de"
                },
                {
                    "name": "Guilherme Blanco",
                    "email": "guilhermeblanco@gmail.com"
                },
                {
                    "name": "Jonathan Wage",
                    "email": "jonwage@gmail.com"
                }
            ],
            "description": "Object-Relational-Mapper for PHP",
            "homepage": "http://www.doctrine-project.org",
            "keywords": [
                "database",
                "orm"
            ],
            "time": "2017-11-27T23:25:55+00:00"
        },
        {
            "name": "predis/predis",
            "version": "v1.1.1",
            "source": {
                "type": "git",
                "url": "https://github.com/nrk/predis.git",
                "reference": "f0210e38881631afeafb56ab43405a92cafd9fd1"
            },
            "dist": {
                "type": "zip",
                "url": "https://api.github.com/repos/nrk/predis/zipball/f0210e38881631afeafb56ab43405a92cafd9fd1",
                "reference": "f0210e38881631afeafb56ab43405a92cafd9fd1",
                "shasum": ""
            },
            "require": {
                "php": ">=5.3.9"
            },
            "require-dev": {
                "phpunit/phpunit": "~4.8"
            },
            "suggest": {
                "ext-curl": "Allows access to Webdis when paired with phpiredis",
                "ext-phpiredis": "Allows faster serialization and deserialization of the Redis protocol"
            },
            "type": "library",
            "autoload": {
                "psr-4": {
                    "Predis\\": "src/"
                }
            },
            "notification-url": "https://packagist.org/downloads/",
            "license": [
                "MIT"
            ],
            "authors": [
                {
                    "name": "Daniele Alessandri",
                    "email": "suppakilla@gmail.com",
                    "homepage": "http://clorophilla.net"
                }
            ],
            "description": "Flexible and feature-complete Redis client for PHP and HHVM",
            "homepage": "http://github.com/nrk/predis",
            "keywords": [
                "nosql",
                "predis",
                "redis"
            ],
            "time": "2016-06-16T16:22:20+00:00"
        },
        {
            "name": "symfony/console",
            "version": "v4.0.1",
            "source": {
                "type": "git",
                "url": "https://github.com/symfony/console.git",
                "reference": "2ff6acc1342a0e7c3ad757a80fd837f5b22535a1"
            },
            "dist": {
                "type": "zip",
                "url": "https://api.github.com/repos/symfony/console/zipball/2ff6acc1342a0e7c3ad757a80fd837f5b22535a1",
                "reference": "2ff6acc1342a0e7c3ad757a80fd837f5b22535a1",
                "shasum": ""
            },
            "require": {
                "php": "^7.1.3",
                "symfony/polyfill-mbstring": "~1.0"
            },
            "conflict": {
                "symfony/dependency-injection": "<3.4",
                "symfony/process": "<3.3"
            },
            "require-dev": {
                "psr/log": "~1.0",
                "symfony/config": "~3.4|~4.0",
                "symfony/dependency-injection": "~3.4|~4.0",
                "symfony/event-dispatcher": "~3.4|~4.0",
                "symfony/lock": "~3.4|~4.0",
                "symfony/process": "~3.4|~4.0"
            },
            "suggest": {
                "psr/log": "For using the console logger",
                "symfony/event-dispatcher": "",
                "symfony/lock": "",
                "symfony/process": ""
            },
            "type": "library",
            "extra": {
                "branch-alias": {
                    "dev-master": "4.0-dev"
                }
            },
            "autoload": {
                "psr-4": {
                    "Symfony\\Component\\Console\\": ""
                },
                "exclude-from-classmap": [
                    "/Tests/"
                ]
            },
            "notification-url": "https://packagist.org/downloads/",
            "license": [
                "MIT"
            ],
            "authors": [
                {
                    "name": "Fabien Potencier",
                    "email": "fabien@symfony.com"
                },
                {
                    "name": "Symfony Community",
                    "homepage": "https://symfony.com/contributors"
                }
            ],
            "description": "Symfony Console Component",
            "homepage": "https://symfony.com",
            "time": "2017-12-04T12:31:58+00:00"
        },
        {
            "name": "symfony/polyfill-mbstring",
            "version": "v1.6.0",
            "source": {
                "type": "git",
                "url": "https://github.com/symfony/polyfill-mbstring.git",
                "reference": "2ec8b39c38cb16674bbf3fea2b6ce5bf117e1296"
            },
            "dist": {
                "type": "zip",
                "url": "https://api.github.com/repos/symfony/polyfill-mbstring/zipball/2ec8b39c38cb16674bbf3fea2b6ce5bf117e1296",
                "reference": "2ec8b39c38cb16674bbf3fea2b6ce5bf117e1296",
                "shasum": ""
            },
            "require": {
                "php": ">=5.3.3"
            },
            "suggest": {
                "ext-mbstring": "For best performance"
            },
            "type": "library",
            "extra": {
                "branch-alias": {
                    "dev-master": "1.6-dev"
                }
            },
            "autoload": {
                "psr-4": {
                    "Symfony\\Polyfill\\Mbstring\\": ""
                },
                "files": [
                    "bootstrap.php"
                ]
            },
            "notification-url": "https://packagist.org/downloads/",
            "license": [
                "MIT"
            ],
            "authors": [
                {
                    "name": "Nicolas Grekas",
                    "email": "p@tchwork.com"
                },
                {
                    "name": "Symfony Community",
                    "homepage": "https://symfony.com/contributors"
                }
            ],
            "description": "Symfony polyfill for the Mbstring extension",
            "homepage": "https://symfony.com",
            "keywords": [
                "compatibility",
                "mbstring",
                "polyfill",
                "portable",
                "shim"
            ],
            "time": "2017-10-11T12:05:26+00:00"
        }
    ],
    "packages-dev": [],
    "aliases": [],
    "minimum-stability": "stable",
    "stability-flags": [],
    "prefer-stable": false,
    "prefer-lowest": false,
    "platform": {
        "php": ">=5.6.30",
        "ext-mysqli": "*",
        "ext-pdo_mysql": "*",
        "ext-mbstring": "*",
        "ext-curl": "*",
        "ext-gd": "*"
    },
    "platform-dev": []
}
